
Microsoft Visual Studio Solution File, Format Version 12.00
# Visual Studio Version 16
VisualStudioVersion = 16.0.29409.12
MinimumVisualStudioVersion = 10.0.40219.1
Project("{FAE04EC0-301F-11D3-BF4B-00C04F79EFBC}") = "ФРОГГЕР", "ФРОГГЕР\ФРОГГЕР.csproj", "{E743D48F-9B5A-4209-A508-7F9A6531F5C1}"
EndProject
Global
	GlobalSection(SolutionConfigurationPlatforms) = preSolution
		Debug|Any CPU = Debug|Any CPU
		Release|Any CPU = Release|Any CPU
	EndGlobalSection
	GlobalSection(ProjectConfigurationPlatforms) = postSolution
		{E743D48F-9B5A-4209-A508-7F9A6531F5C1}.Debug|Any CPU.ActiveCfg = Debug|Any CPU
		{E743D48F-9B5A-4209-A508-7F9A6531F5C1}.Debug|Any CPU.Build.0 = Debug|Any CPU
		{E743D48F-9B5A-4209-A508-7F9A6531F5C1}.Release|Any CPU.ActiveCfg = Release|Any CPU
		{E743D48F-9B5A-4209-A508-7F9A6531F5C1}.Release|Any CPU.Build.0 = Release|Any CPU
	EndGlobalSection
	GlobalSection(SolutionProperties) = preSolution
		HideSolutionNode = FALSE
	EndGlobalSection
	GlobalSection(ExtensibilityGlobals) = postSolution
		SolutionGuid = {D3037800-4162-400C-9A77-B2ECB50099C3}
	EndGlobalSection
EndGlobal
